// !$*UTF8*$!
{
	archiveVersion = 1;
	classes = {
	};
	objectVersion = 46;
	objects = {

/* Begin PBXBuildFile section */
		5D4949D21F3CCCC20019C132 /* AppDelegate.swift in Sources */ = {isa = PBXBuildFile; fileRef = 5D4949D11F3CCCC20019C132 /* AppDelegate.swift */; };
		5D4949D71F3CCCC20019C132 /* Main.storyboard in Resources */ = {isa = PBXBuildFile; fileRef = 5D4949D51F3CCCC20019C132 /* Main.storyboard */; };
		5D4949D91F3CCCC20019C132 /* Assets.xcassets in Resources */ = {isa = PBXBuildFile; fileRef = 5D4949D81F3CCCC20019C132 /* Assets.xcassets */; };
		5D4949DC1F3CCCC20019C132 /* LaunchScreen.storyboard in Resources */ = {isa = PBXBuildFile; fileRef = 5D4949DA1F3CCCC20019C132 /* LaunchScreen.storyboard */; };
		5D4949E71F3CCCC20019C132 /* FrameByFrameAnimationsTests.swift in Sources */ = {isa = PBXBuildFile; fileRef = 5D4949E61F3CCCC20019C132 /* FrameByFrameAnimationsTests.swift */; };
		5D4949F21F3CCCC20019C132 /* FrameByFrameAnimationsUITests.swift in Sources */ = {isa = PBXBuildFile; fileRef = 5D4949F11F3CCCC20019C132 /* FrameByFrameAnimationsUITests.swift */; };
		5D494A031F3CCD240019C132 /* ViewController.swift in Sources */ = {isa = PBXBuildFile; fileRef = 5D494A021F3CCD240019C132 /* ViewController.swift */; };
		5D494A061F3CCDBE0019C132 /* DisplayUpdateReceiver.swift in Sources */ = {isa = PBXBuildFile; fileRef = 5D494A051F3CCDBE0019C132 /* DisplayUpdateReceiver.swift */; };
		5D494A081F3CCE250019C132 /* DisplayUpdateNotifier.swift in Sources */ = {isa = PBXBuildFile; fileRef = 5D494A071F3CCE250019C132 /* DisplayUpdateNotifier.swift */; };
		5D494A0A1F3CDAB10019C132 /* RandomMoveable.swift in Sources */ = {isa = PBXBuildFile; fileRef = 5D494A091F3CDAB10019C132 /* RandomMoveable.swift */; };
		5D494A0D1F3CDC1F0019C132 /* MoveableView.swift in Sources */ = {isa = PBXBuildFile; fileRef = 5D494A0C1F3CDC1F0019C132 /* MoveableView.swift */; };
		5D494A131F3CDEAF0019C132 /* extension_cgfloat.swift in Sources */ = {isa = PBXBuildFile; fileRef = 5D494A0F1F3CDEAF0019C132 /* extension_cgfloat.swift */; };
		5D494A141F3CDEAF0019C132 /* extension_uicolor.swift in Sources */ = {isa = PBXBuildFile; fileRef = 5D494A101F3CDEAF0019C132 /* extension_uicolor.swift */; };
		5D494A151F3CDEAF0019C132 /* extension_uiview.swift in Sources */ = {isa = PBXBuildFile; fileRef = 5D494A111F3CDEAF0019C132 /* extension_uiview.swift */; };
		5D494A161F3CDEAF0019C132 /* extension_uiviewcontroller.swift in Sources */ = {isa = PBXBuildFile; fileRef = 5D494A121F3CDEAF0019C132 /* extension_uiviewcontroller.swift */; };
		5D494A181F3CE2080019C132 /* extension_CGPoint.swift in Sources */ = {isa = PBXBuildFile; fileRef = 5D494A171F3CE2080019C132 /* extension_CGPoint.swift */; };
/* End PBXBuildFile section */

/* Begin PBXContainerItemProxy section */
		5D4949E31F3CCCC20019C132 /* PBXContainerItemProxy */ = {
			isa = PBXContainerItemProxy;
			containerPortal = 5D4949C61F3CCCC20019C132 /* Project object */;
			proxyType = 1;
			remoteGlobalIDString = 5D4949CD1F3CCCC20019C132;
			remoteInfo = FrameByFrameAnimations;
		};
		5D4949EE1F3CCCC20019C132 /* PBXContainerItemProxy */ = {
			isa = PBXContainerItemProxy;
			containerPortal = 5D4949C61F3CCCC20019C132 /* Project object */;
			proxyType = 1;
			remoteGlobalIDString = 5D4949CD1F3CCCC20019C132;
			remoteInfo = FrameByFrameAnimations;
		};
/* End PBXContainerItemProxy section */

/* Begin PBXFileReference section */
		5D4949CE1F3CCCC20019C132 /* FrameByFrameAnimations.app */ = {isa = PBXFileReference; explicitFileType = wrapper.application; includeInIndex = 0; path = FrameByFrameAnimations.app; sourceTree = BUILT_PRODUCTS_DIR; };
		5D4949D11F3CCCC20019C132 /* AppDelegate.swift */ = {isa = PBXFileReference; lastKnownFileType = sourcecode.swift; path = AppDelegate.swift; sourceTree = "<group>"; };
		5D4949D61F3CCCC20019C132 /* Base */ = {isa = PBXFileReference; lastKnownFileType = file.storyboard; name = Base; path = Base.lproj/Main.storyboard; sourceTree = "<group>"; };
		5D4949D81F3CCCC20019C132 /* Assets.xcassets */ = {isa = PBXFileReference; lastKnownFileType = folder.assetcatalog; path = Assets.xcassets; sourceTree = "<group>"; };
		5D4949DB1F3CCCC20019C132 /* Base */ = {isa = PBXFileReference; lastKnownFileType = file.storyboard; name = Base; path = Base.lproj/LaunchScreen.storyboard; sourceTree = "<group>"; };
		5D4949DD1F3CCCC20019C132 /* Info.plist */ = {isa = PBXFileReference; lastKnownFileType = text.plist.xml; path = Info.plist; sourceTree = "<group>"; };
		5D4949E21F3CCCC20019C132 /* FrameByFrameAnimationsTests.xctest */ = {isa = PBXFileReference; explicitFileType = wrapper.cfbundle; includeInIndex = 0; path = FrameByFrameAnimationsTests.xctest; sourceTree = BUILT_PRODUCTS_DIR; };
		5D4949E61F3CCCC20019C132 /* FrameByFrameAnimationsTests.swift */ = {isa = PBXFileReference; lastKnownFileType = sourcecode.swift; path = FrameByFrameAnimationsTests.swift; sourceTree = "<group>"; };
		5D4949E81F3CCCC20019C132 /* Info.plist */ = {isa = PBXFileReference; lastKnownFileType = text.plist.xml; path = Info.plist; sourceTree = "<group>"; };
		5D4949ED1F3CCCC20019C132 /* FrameByFrameAnimationsUITests.xctest */ = {isa = PBXFileReference; explicitFileType = wrapper.cfbundle; includeInIndex = 0; path = FrameByFrameAnimationsUITests.xctest; sourceTree = BUILT_PRODUCTS_DIR; };
		5D4949F11F3CCCC20019C132 /* FrameByFrameAnimationsUITests.swift */ = {isa = PBXFileReference; lastKnownFileType = sourcecode.swift; path = FrameByFrameAnimationsUITests.swift; sourceTree = "<group>"; };
		5D4949F31F3CCCC20019C132 /* Info.plist */ = {isa = PBXFileReference; lastKnownFileType = text.plist.xml; path = Info.plist; sourceTree = "<group>"; };
		5D494A021F3CCD240019C132 /* ViewController.swift */ = {isa = PBXFileReference; fileEncoding = 4; lastKnownFileType = sourcecode.swift; path = ViewController.swift; sourceTree = "<group>"; };
		5D494A051F3CCDBE0019C132 /* DisplayUpdateReceiver.swift */ = {isa = PBXFileReference; fileEncoding = 4; lastKnownFileType = sourcecode.swift; path = DisplayUpdateReceiver.swift; sourceTree = "<group>"; };
		5D494A071F3CCE250019C132 /* DisplayUpdateNotifier.swift */ = {isa = PBXFileReference; fileEncoding = 4; lastKnownFileType = sourcecode.swift; path = DisplayUpdateNotifier.swift; sourceTree = "<group>"; };
		5D494A091F3CDAB10019C132 /* RandomMoveable.swift */ = {isa = PBXFileReference; fileEncoding = 4; lastKnownFileType = sourcecode.swift; path = RandomMoveable.swift; sourceTree = "<group>"; };
		5D494A0C1F3CDC1F0019C132 /* MoveableView.swift */ = {isa = PBXFileReference; fileEncoding = 4; lastKnownFileType = sourcecode.swift; path = MoveableView.swift; sourceTree = "<group>"; };
		5D494A0F1F3CDEAF0019C132 /* extension_cgfloat.swift */ = {isa = PBXFileReference; fileEncoding = 4; lastKnownFileType = sourcecode.swift; path = extension_cgfloat.swift; sourceTree = "<group>"; };
		5D494A101F3CDEAF0019C132 /* extension_uicolor.swift */ = {isa = PBXFileReference; fileEncoding = 4; lastKnownFileType = sourcecode.swift; path = extension_uicolor.swift; sourceTree = "<group>"; };
		5D494A111F3CDEAF0019C132 /* extension_uiview.swift */ = {isa = PBXFileReference; fileEncoding = 4; lastKnownFileType = sourcecode.swift; path = extension_uiview.swift; sourceTree = "<group>"; };
		5D494A121F3CDEAF0019C132 /* extension_uiviewcontroller.swift */ = {isa = PBXFileReference; fileEncoding = 4; lastKnownFileType = sourcecode.swift; path = extension_uiviewcontroller.swift; sourceTree = "<group>"; };
		5D494A171F3CE2080019C132 /* extension_CGPoint.swift */ = {isa = PBXFileReference; fileEncoding = 4; lastKnownFileType = sourcecode.swift; path = extension_CGPoint.swift; sourceTree = "<group>"; };
/* End PBXFileReference section */

/* Begin PBXFrameworksBuildPhase section */
		5D4949CB1F3CCCC20019C132 /* Frameworks */ = {
			isa = PBXFrameworksBuildPhase;
			buildActionMask = 2147483647;
			files = (
			);
			runOnlyForDeploymentPostprocessing = 0;
		};
		5D4949DF1F3CCCC20019C132 /* Frameworks */ = {
			isa = PBXFrameworksBuildPhase;
			buildActionMask = 2147483647;
			files = (
			);
			runOnlyForDeploymentPostprocessing = 0;
		};
		5D4949EA1F3CCCC20019C132 /* Frameworks */ = {
			isa = PBXFrameworksBuildPhase;
			buildActionMask = 2147483647;
			files = (
			);
			runOnlyForDeploymentPostprocessing = 0;
		};
/* End PBXFrameworksBuildPhase section */

/* Begin PBXGroup section */
		5D4949C51F3CCCC20019C132 = {
			isa = PBXGroup;
			children = (
				5D4949D01F3CCCC20019C132 /* FrameByFrameAnimations */,
				5D4949E51F3CCCC20019C132 /* FrameByFrameAnimationsTests */,
				5D4949F01F3CCCC20019C132 /* FrameByFrameAnimationsUITests */,
				5D4949CF1F3CCCC20019C132 /* Products */,
			);
			sourceTree = "<group>";
		};
		5D4949CF1F3CCCC20019C132 /* Products */ = {
			isa = PBXGroup;
			children = (
				5D4949CE1F3CCCC20019C132 /* FrameByFrameAnimations.app */,
				5D4949E21F3CCCC20019C132 /* FrameByFrameAnimationsTests.xctest */,
				5D4949ED1F3CCCC20019C132 /* FrameByFrameAnimationsUITests.xctest */,
			);
			name = Products;
			sourceTree = "<group>";
		};
		5D4949D01F3CCCC20019C132 /* FrameByFrameAnimations */ = {
			isa = PBXGroup;
			children = (
				5D4949FF1F3CCD240019C132 /* Source */,
				5D4949D11F3CCCC20019C132 /* AppDelegate.swift */,
				5D4949D51F3CCCC20019C132 /* Main.storyboard */,
				5D4949D81F3CCCC20019C132 /* Assets.xcassets */,
				5D4949DA1F3CCCC20019C132 /* LaunchScreen.storyboard */,
				5D4949DD1F3CCCC20019C132 /* Info.plist */,
			);
			path = FrameByFrameAnimations;
			sourceTree = "<group>";
		};
		5D4949E51F3CCCC20019C132 /* FrameByFrameAnimationsTests */ = {
			isa = PBXGroup;
			children = (
				5D4949E61F3CCCC20019C132 /* FrameByFrameAnimationsTests.swift */,
				5D4949E81F3CCCC20019C132 /* Info.plist */,
			);
			path = FrameByFrameAnimationsTests;
			sourceTree = "<group>";
		};
		5D4949F01F3CCCC20019C132 /* FrameByFrameAnimationsUITests */ = {
			isa = PBXGroup;
			children = (
				5D4949F11F3CCCC20019C132 /* FrameByFrameAnimationsUITests.swift */,
				5D4949F31F3CCCC20019C132 /* Info.plist */,
			);
			path = FrameByFrameAnimationsUITests;
			sourceTree = "<group>";
		};
		5D4949FF1F3CCD240019C132 /* Source */ = {
			isa = PBXGroup;
			children = (
				5D494A0E1F3CDEAF0019C132 /* Extensions */,
				5D494A041F3CCD390019C132 /* Model */,
				5D494A001F3CCD240019C132 /* UI */,
			);
			path = Source;
			sourceTree = "<group>";
		};
		5D494A001F3CCD240019C132 /* UI */ = {
			isa = PBXGroup;
			children = (
				5D494A0B1F3CDC0B0019C132 /* Views */,
				5D494A011F3CCD240019C132 /* Controllers */,
			);
			path = UI;
			sourceTree = "<group>";
		};
		5D494A011F3CCD240019C132 /* Controllers */ = {
			isa = PBXGroup;
			children = (
				5D494A021F3CCD240019C132 /* ViewController.swift */,
			);
			path = Controllers;
			sourceTree = "<group>";
		};
		5D494A041F3CCD390019C132 /* Model */ = {
			isa = PBXGroup;
			children = (
				5D494A091F3CDAB10019C132 /* RandomMoveable.swift */,
				5D494A051F3CCDBE0019C132 /* DisplayUpdateReceiver.swift */,
				5D494A071F3CCE250019C132 /* DisplayUpdateNotifier.swift */,
			);
			path = Model;
			sourceTree = "<group>";
		};
		5D494A0B1F3CDC0B0019C132 /* Views */ = {
			isa = PBXGroup;
			children = (
				5D494A0C1F3CDC1F0019C132 /* MoveableView.swift */,
			);
			path = Views;
			sourceTree = "<group>";
		};
		5D494A0E1F3CDEAF0019C132 /* Extensions */ = {
			isa = PBXGroup;
			children = (
				5D494A0F1F3CDEAF0019C132 /* extension_cgfloat.swift */,
				5D494A101F3CDEAF0019C132 /* extension_uicolor.swift */,
				5D494A111F3CDEAF0019C132 /* extension_uiview.swift */,
				5D494A121F3CDEAF0019C132 /* extension_uiviewcontroller.swift */,
				5D494A171F3CE2080019C132 /* extension_CGPoint.swift */,
			);
			path = Extensions;
			sourceTree = "<group>";
		};
/* End PBXGroup section */

/* Begin PBXNativeTarget section */
		5D4949CD1F3CCCC20019C132 /* FrameByFrameAnimations */ = {
			isa = PBXNativeTarget;
			buildConfigurationList = 5D4949F61F3CCCC20019C132 /* Build configuration list for PBXNativeTarget "FrameByFrameAnimations" */;
			buildPhases = (
				5D4949CA1F3CCCC20019C132 /* Sources */,
				5D4949CB1F3CCCC20019C132 /* Frameworks */,
				5D4949CC1F3CCCC20019C132 /* Resources */,
			);
			buildRules = (
			);
			dependencies = (
			);
			name = FrameByFrameAnimations;
			productName = FrameByFrameAnimations;
			productReference = 5D4949CE1F3CCCC20019C132 /* FrameByFrameAnimations.app */;
			productType = "com.apple.product-type.application";
		};
		5D4949E11F3CCCC20019C132 /* FrameByFrameAnimationsTests */ = {
			isa = PBXNativeTarget;
			buildConfigurationList = 5D4949F91F3CCCC20019C132 /* Build configuration list for PBXNativeTarget "FrameByFrameAnimationsTests" */;
			buildPhases = (
				5D4949DE1F3CCCC20019C132 /* Sources */,
				5D4949DF1F3CCCC20019C132 /* Frameworks */,
				5D4949E01F3CCCC20019C132 /* Resources */,
			);
			buildRules = (
			);
			dependencies = (
				5D4949E41F3CCCC20019C132 /* PBXTargetDependency */,
			);
			name = FrameByFrameAnimationsTests;
			productName = FrameByFrameAnimationsTests;
			productReference = 5D4949E21F3CCCC20019C132 /* FrameByFrameAnimationsTests.xctest */;
			productType = "com.apple.product-type.bundle.unit-test";
		};
		5D4949EC1F3CCCC20019C132 /* FrameByFrameAnimationsUITests */ = {
			isa = PBXNativeTarget;
			buildConfigurationList = 5D4949FC1F3CCCC20019C132 /* Build configuration list for PBXNativeTarget "FrameByFrameAnimationsUITests" */;
			buildPhases = (
				5D4949E91F3CCCC20019C132 /* Sources */,
				5D4949EA1F3CCCC20019C132 /* Frameworks */,
				5D4949EB1F3CCCC20019C132 /* Resources */,
			);
			buildRules = (
			);
			dependencies = (
				5D4949EF1F3CCCC20019C132 /* PBXTargetDependency */,
			);
			name = FrameByFrameAnimationsUITests;
			productName = FrameByFrameAnimationsUITests;
			productReference = 5D4949ED1F3CCCC20019C132 /* FrameByFrameAnimationsUITests.xctest */;
			productType = "com.apple.product-type.bundle.ui-testing";
		};
/* End PBXNativeTarget section */

/* Begin PBXProject section */
		5D4949C61F3CCCC20019C132 /* Project object */ = {
			isa = PBXProject;
			attributes = {
				LastSwiftUpdateCheck = 0830;
				LastUpgradeCheck = 0830;
				ORGANIZATIONNAME = Seth;
				TargetAttributes = {
					5D4949CD1F3CCCC20019C132 = {
						CreatedOnToolsVersion = 8.3.3;
						DevelopmentTeam = GU9878X2D5;
						ProvisioningStyle = Automatic;
					};
					5D4949E11F3CCCC20019C132 = {
						CreatedOnToolsVersion = 8.3.3;
						DevelopmentTeam = GU9878X2D5;
						ProvisioningStyle = Automatic;
						TestTargetID = 5D4949CD1F3CCCC20019C132;
					};
					5D4949EC1F3CCCC20019C132 = {
						CreatedOnToolsVersion = 8.3.3;
						DevelopmentTeam = GU9878X2D5;
						ProvisioningStyle = Automatic;
						TestTargetID = 5D4949CD1F3CCCC20019C132;
					};
				};
			};
			buildConfigurationList = 5D4949C91F3CCCC20019C132 /* Build configuration list for PBXProject "FrameByFrameAnimations" */;
			compatibilityVersion = "Xcode 3.2";
			developmentRegion = English;
			hasScannedForEncodings = 0;
			knownRegions = (
				en,
				Base,
			);
			mainGroup = 5D4949C51F3CCCC20019C132;
			productRefGroup = 5D4949CF1F3CCCC20019C132 /* Products */;
			projectDirPath = "";
			projectRoot = "";
			targets = (
				5D4949CD1F3CCCC20019C132 /* FrameByFrameAnimations */,
				5D4949E11F3CCCC20019C132 /* FrameByFrameAnimationsTests */,
				5D4949EC1F3CCCC20019C132 /* FrameByFrameAnimationsUITests */,
			);
		};
/* End PBXProject section */

/* Begin PBXResourcesBuildPhase section */
		5D4949CC1F3CCCC20019C132 /* Resources */ = {
			isa = PBXResourcesBuildPhase;
			buildActionMask = 2147483647;
			files = (
				5D4949DC1F3CCCC20019C132 /* LaunchScreen.storyboard in Resources */,
				5D4949D91F3CCCC20019C132 /* Assets.xcassets in Resources */,
				5D4949D71F3CCCC20019C132 /* Main.storyboard in Resources */,
			);
			runOnlyForDeploymentPostprocessing = 0;
		};
		5D4949E01F3CCCC20019C132 /* Resources */ = {
			isa = PBXResourcesBuildPhase;
			buildActionMask = 2147483647;
			files = (
			);
			runOnlyForDeploymentPostprocessing = 0;
		};
		5D4949EB1F3CCCC20019C132 /* Resources */ = {
			isa = PBXResourcesBuildPhase;
			buildActionMask = 2147483647;
			files = (
			);
			runOnlyForDeploymentPostprocessing = 0;
		};
/* End PBXResourcesBuildPhase section */

/* Begin PBXSourcesBuildPhase section */
		5D4949CA1F3CCCC20019C132 /* Sources */ = {
			isa = PBXSourcesBuildPhase;
			buildActionMask = 2147483647;
			files = (
				5D494A181F3CE2080019C132 /* extension_CGPoint.swift in Sources */,
				5D494A131F3CDEAF0019C132 /* extension_cgfloat.swift in Sources */,
				5D494A031F3CCD240019C132 /* ViewController.swift in Sources */,
				5D494A0D1F3CDC1F0019C132 /* MoveableView.swift in Sources */,
				5D494A141F3CDEAF0019C132 /* extension_uicolor.swift in Sources */,
				5D494A061F3CCDBE0019C132 /* DisplayUpdateReceiver.swift in Sources */,
				5D4949D21F3CCCC20019C132 /* AppDelegate.swift in Sources */,
				5D494A161F3CDEAF0019C132 /* extension_uiviewcontroller.swift in Sources */,
				5D494A151F3CDEAF0019C132 /* extension_uiview.swift in Sources */,
				5D494A0A1F3CDAB10019C132 /* RandomMoveable.swift in Sources */,
				5D494A081F3CCE250019C132 /* DisplayUpdateNotifier.swift in Sources */,
			);
			runOnlyForDeploymentPostprocessing = 0;
		};
		5D4949DE1F3CCCC20019C132 /* Sources */ = {
			isa = PBXSourcesBuildPhase;
			buildActionMask = 2147483647;
			files = (
				5D4949E71F3CCCC20019C132 /* FrameByFrameAnimationsTests.swift in Sources */,
			);
			runOnlyForDeploymentPostprocessing = 0;
		};
		5D4949E91F3CCCC20019C132 /* Sources */ = {
			isa = PBXSourcesBuildPhase;
			buildActionMask = 2147483647;
			files = (
				5D4949F21F3CCCC20019C132 /* FrameByFrameAnimationsUITests.swift in Sources */,
			);
			runOnlyForDeploymentPostprocessing = 0;
		};
/* End PBXSourcesBuildPhase section */

/* Begin PBXTargetDependency section */
		5D4949E41F3CCCC20019C132 /* PBXTargetDependency */ = {
			isa = PBXTargetDependency;
			target = 5D4949CD1F3CCCC20019C132 /* FrameByFrameAnimations */;
			targetProxy = 5D4949E31F3CCCC20019C132 /* PBXContainerItemProxy */;
		};
		5D4949EF1F3CCCC20019C132 /* PBXTargetDependency */ = {
			isa = PBXTargetDependency;
			target = 5D4949CD1F3CCCC20019C132 /* FrameByFrameAnimations */;
			targetProxy = 5D4949EE1F3CCCC20019C132 /* PBXContainerItemProxy */;
		};
/* End PBXTargetDependency section */

/* Begin PBXVariantGroup section */
		5D4949D51F3CCCC20019C132 /* Main.storyboard */ = {
			isa = PBXVariantGroup;
			children = (
				5D4949D61F3CCCC20019C132 /* Base */,
			);
			name = Main.storyboard;
			sourceTree = "<group>";
		};
		5D4949DA1F3CCCC20019C132 /* LaunchScreen.storyboard */ = {
			isa = PBXVariantGroup;
			children = (
				5D4949DB1F3CCCC20019C132 /* Base */,
			);
			name = LaunchScreen.storyboard;
			sourceTree = "<group>";
		};
/* End PBXVariantGroup section */

/* Begin XCBuildConfiguration section */
		5D4949F41F3CCCC20019C132 /* Debug */ = {
			isa = XCBuildConfiguration;
			buildSettings = {
				ALWAYS_SEARCH_USER_PATHS = NO;
				CLANG_ANALYZER_NONNULL = YES;
				CLANG_ANALYZER_NUMBER_OBJECT_CONVERSION = YES_AGGRESSIVE;
				CLANG_CXX_LANGUAGE_STANDARD = "gnu++0x";
				CLANG_CXX_LIBRARY = "libc++";
				CLANG_ENABLE_MODULES = YES;
				CLANG_ENABLE_OBJC_ARC = YES;
				CLANG_WARN_BOOL_CONVERSION = YES;
				CLANG_WARN_CONSTANT_CONVERSION = YES;
				CLANG_WARN_DIRECT_OBJC_ISA_USAGE = YES_ERROR;
				CLANG_WARN_DOCUMENTATION_COMMENTS = YES;
				CLANG_WARN_EMPTY_BODY = YES;
				CLANG_WARN_ENUM_CONVERSION = YES;
				CLANG_WARN_INFINITE_RECURSION = YES;
				CLANG_WARN_INT_CONVERSION = YES;
				CLANG_WARN_OBJC_ROOT_CLASS = YES_ERROR;
				CLANG_WARN_SUSPICIOUS_MOVE = YES;
				CLANG_WARN_UNREACHABLE_CODE = YES;
				CLANG_WARN__DUPLICATE_METHOD_MATCH = YES;
				"CODE_SIGN_IDENTITY[sdk=iphoneos*]" = "iPhone Developer";
				COPY_PHASE_STRIP = NO;
				DEBUG_INFORMATION_FORMAT = dwarf;
				ENABLE_STRICT_OBJC_MSGSEND = YES;
				ENABLE_TESTABILITY = YES;
				GCC_C_LANGUAGE_STANDARD = gnu99;
				GCC_DYNAMIC_NO_PIC = NO;
				GCC_NO_COMMON_BLOCKS = YES;
				GCC_OPTIMIZATION_LEVEL = 0;
				GCC_PREPROCESSOR_DEFINITIONS = (
					"DEBUG=1",
					"$(inherited)",
				);
				GCC_WARN_64_TO_32_BIT_CONVERSION = YES;
				GCC_WARN_ABOUT_RETURN_TYPE = YES_ERROR;
				GCC_WARN_UNDECLARED_SELECTOR = YES;
				GCC_WARN_UNINITIALIZED_AUTOS = YES_AGGRESSIVE;
				GCC_WARN_UNUSED_FUNCTION = YES;
				GCC_WARN_UNUSED_VARIABLE = YES;
				IPHONEOS_DEPLOYMENT_TARGET = 10.3;
				MTL_ENABLE_DEBUG_INFO = YES;
				ONLY_ACTIVE_ARCH = YES;
				SDKROOT = iphoneos;
				SWIFT_ACTIVE_COMPILATION_CONDITIONS = DEBUG;
				SWIFT_OPTIMIZATION_LEVEL = "-Onone";
				TARGETED_DEVICE_FAMILY = "1,2";
			};
			name = Debug;
		};
		5D4949F51F3CCCC20019C132 /* Release */ = {
			isa = XCBuildConfiguration;
			buildSettings = {
				ALWAYS_SEARCH_USER_PATHS = NO;
				CLANG_ANALYZER_NONNULL = YES;
				CLANG_ANALYZER_NUMBER_OBJECT_CONVERSION = YES_AGGRESSIVE;
				CLANG_CXX_LANGUAGE_STANDARD = "gnu++0x";
				CLANG_CXX_LIBRARY = "libc++";
				CLANG_ENABLE_MODULES = YES;
				CLANG_ENABLE_OBJC_ARC = YES;
				CLANG_WARN_BOOL_CONVERSION = YES;
				CLANG_WARN_CONSTANT_CONVERSION = YES;
				CLANG_WARN_DIRECT_OBJC_ISA_USAGE = YES_ERROR;
				CLANG_WARN_DOCUMENTATION_COMMENTS = YES;
				CLANG_WARN_EMPTY_BODY = YES;
				CLANG_WARN_ENUM_CONVERSION = YES;
				CLANG_WARN_INFINITE_RECURSION = YES;
				CLANG_WARN_INT_CONVERSION = YES;
				CLANG_WARN_OBJC_ROOT_CLASS = YES_ERROR;
				CLANG_WARN_SUSPICIOUS_MOVE = YES;
				CLANG_WARN_UNREACHABLE_CODE = YES;
				CLANG_WARN__DUPLICATE_METHOD_MATCH = YES;
				"CODE_SIGN_IDENTITY[sdk=iphoneos*]" = "iPhone Developer";
				COPY_PHASE_STRIP = NO;
				DEBUG_INFORMATION_FORMAT = "dwarf-with-dsym";
				ENABLE_NS_ASSERTIONS = NO;
				ENABLE_STRICT_OBJC_MSGSEND = YES;
				GCC_C_LANGUAGE_STANDARD = gnu99;
				GCC_NO_COMMON_BLOCKS = YES;
				GCC_WARN_64_TO_32_BIT_CONVERSION = YES;
				GCC_WARN_ABOUT_RETURN_TYPE = YES_ERROR;
				GCC_WARN_UNDECLARED_SELECTOR = YES;
				GCC_WARN_UNINITIALIZED_AUTOS = YES_AGGRESSIVE;
				GCC_WARN_UNUSED_FUNCTION = YES;
				GCC_WARN_UNUSED_VARIABLE = YES;
				IPHONEOS_DEPLOYMENT_TARGET = 10.3;
				MTL_ENABLE_DEBUG_INFO = NO;
				SDKROOT = iphoneos;
				SWIFT_OPTIMIZATION_LEVEL = "-Owholemodule";
				TARGETED_DEVICE_FAMILY = "1,2";
				VALIDATE_PRODUCT = YES;
			};
			name = Release;
		};
		5D4949F71F3CCCC20019C132 /* Debug */ = {
			isa = XCBuildConfiguration;
			buildSettings = {
				ASSETCATALOG_COMPILER_APPICON_NAME = AppIcon;
				DEVELOPMENT_TEAM = GU9878X2D5;
				INFOPLIST_FILE = FrameByFrameAnimations/Info.plist;
				LD_RUNPATH_SEARCH_PATHS = "$(inherited) @executable_path/Frameworks";
				PRODUCT_BUNDLE_IDENTIFIER = com.seth.FrameByFrameAnimations;
				PRODUCT_NAME = "$(TARGET_NAME)";
				SWIFT_VERSION = 3.0;
			};
			name = Debug;
		};
		5D4949F81F3CCCC20019C132 /* Release */ = {
			isa = XCBuildConfiguration;
			buildSettings = {
				ASSETCATALOG_COMPILER_APPICON_NAME = AppIcon;
				DEVELOPMENT_TEAM = GU9878X2D5;
				INFOPLIST_FILE = FrameByFrameAnimations/Info.plist;
				LD_RUNPATH_SEARCH_PATHS = "$(inherited) @executable_path/Frameworks";
				PRODUCT_BUNDLE_IDENTIFIER = com.seth.FrameByFrameAnimations;
				PRODUCT_NAME = "$(TARGET_NAME)";
				SWIFT_VERSION = 3.0;
			};
			name = Release;
		};
		5D4949FA1F3CCCC20019C132 /* Debug */ = {
			isa = XCBuildConfiguration;
			buildSettings = {
				ALWAYS_EMBED_SWIFT_STANDARD_LIBRARIES = YES;
				BUNDLE_LOADER = "$(TEST_HOST)";
				DEVELOPMENT_TEAM = GU9878X2D5;
				INFOPLIST_FILE = FrameByFrameAnimationsTests/Info.plist;
				LD_RUNPATH_SEARCH_PATHS = "$(inherited) @executable_path/Frameworks @loader_path/Frameworks";
				PRODUCT_BUNDLE_IDENTIFIER = com.seth.FrameByFrameAnimationsTests;
				PRODUCT_NAME = "$(TARGET_NAME)";
				SWIFT_VERSION = 3.0;
				TEST_HOST = "$(BUILT_PRODUCTS_DIR)/FrameByFrameAnimations.app/FrameByFrameAnimations";
			};
			name = Debug;
		};
		5D4949FB1F3CCCC20019C132 /* Release */ = {
			isa = XCBuildConfiguration;
			buildSettings = {
				ALWAYS_EMBED_SWIFT_STANDARD_LIBRARIES = YES;
				BUNDLE_LOADER = "$(TEST_HOST)";
				DEVELOPMENT_TEAM = GU9878X2D5;
				INFOPLIST_FILE = FrameByFrameAnimationsTests/Info.plist;
				LD_RUNPATH_SEARCH_PATHS = "$(inherited) @executable_path/Frameworks @loader_path/Frameworks";
				PRODUCT_BUNDLE_IDENTIFIER = com.seth.FrameByFrameAnimationsTests;
				PRODUCT_NAME = "$(TARGET_NAME)";
				SWIFT_VERSION = 3.0;
				TEST_HOST = "$(BUILT_PRODUCTS_DIR)/FrameByFrameAnimations.app/FrameByFrameAnimations";
			};
			name = Release;
		};
		5D4949FD1F3CCCC20019C132 /* Debug */ = {
			isa = XCBuildConfiguration;
			buildSettings = {
				ALWAYS_EMBED_SWIFT_STANDARD_LIBRARIES = YES;
				DEVELOPMENT_TEAM = GU9878X2D5;
				INFOPLIST_FILE = FrameByFrameAnimationsUITests/Info.plist;
				LD_RUNPATH_SEARCH_PATHS = "$(inherited) @executable_path/Frameworks @loader_path/Frameworks";
				PRODUCT_BUNDLE_IDENTIFIER = com.seth.FrameByFrameAnimationsUITests;
				PRODUCT_NAME = "$(TARGET_NAME)";
				SWIFT_VERSION = 3.0;
				TEST_TARGET_NAME = FrameByFrameAnimations;
			};
			name = Debug;
		};
		5D4949FE1F3CCCC20019C132 /* Release */ = {
			isa = XCBuildConfiguration;
			buildSettings = {
				ALWAYS_EMBED_SWIFT_STANDARD_LIBRARIES = YES;
				DEVELOPMENT_TEAM = GU9878X2D5;
				INFOPLIST_FILE = FrameByFrameAnimationsUITests/Info.plist;
				LD_RUNPATH_SEARCH_PATHS = "$(inherited) @executable_path/Frameworks @loader_path/Frameworks";
				PRODUCT_BUNDLE_IDENTIFIER = com.seth.FrameByFrameAnimationsUITests;
				PRODUCT_NAME = "$(TARGET_NAME)";
				SWIFT_VERSION = 3.0;
				TEST_TARGET_NAME = FrameByFrameAnimations;
			};
			name = Release;
		};
/* End XCBuildConfiguration section */

/* Begin XCConfigurationList section */
		5D4949C91F3CCCC20019C132 /* Build configuration list for PBXProject "FrameByFrameAnimations" */ = {
			isa = XCConfigurationList;
			buildConfigurations = (
				5D4949F41F3CCCC20019C132 /* Debug */,
				5D4949F51F3CCCC20019C132 /* Release */,
			);
			defaultConfigurationIsVisible = 0;
			defaultConfigurationName = Release;
		};
		5D4949F61F3CCCC20019C132 /* Build configuration list for PBXNativeTarget "FrameByFrameAnimations" */ = {
			isa = XCConfigurationList;
			buildConfigurations = (
				5D4949F71F3CCCC20019C132 /* Debug */,
				5D4949F81F3CCCC20019C132 /* Release */,
			);
			defaultConfigurationIsVisible = 0;
		};
		5D4949F91F3CCCC20019C132 /* Build configuration list for PBXNativeTarget "FrameByFrameAnimationsTests" */ = {
			isa = XCConfigurationList;
			buildConfigurations = (
				5D4949FA1F3CCCC20019C132 /* Debug */,
				5D4949FB1F3CCCC20019C132 /* Release */,
			);
			defaultConfigurationIsVisible = 0;
		};
		5D4949FC1F3CCCC20019C132 /* Build configuration list for PBXNativeTarget "FrameByFrameAnimationsUITests" */ = {
			isa = XCConfigurationList;
			buildConfigurations = (
				5D4949FD1F3CCCC20019C132 /* Debug */,
				5D4949FE1F3CCCC20019C132 /* Release */,
			);
			defaultConfigurationIsVisible = 0;
		};
/* End XCConfigurationList section */
	};
	rootObject = 5D4949C61F3CCCC20019C132 /* Project object */;
}
